// !$*UTF8*$!
{
	archiveVersion = 1;
	classes = {
	};
	objectVersion = 56;
	objects = {

/* Begin PBXBuildFile section */
		F9029B3E29C38862006F2B48 /* ConvertorBrain.swift in Sources */ = {isa = PBXBuildFile; fileRef = F9029B3D29C38862006F2B48 /* ConvertorBrain.swift */; };
		F9029B4229C454FD006F2B48 /* button_pressed_sound.mp3 in Resources */ = {isa = PBXBuildFile; fileRef = F9029B4129C454FD006F2B48 /* button_pressed_sound.mp3 */; };
		F9B2FF7629C321EC00C2042B /* AppDelegate.swift in Sources */ = {isa = PBXBuildFile; fileRef = F9B2FF7529C321EC00C2042B /* AppDelegate.swift */; };
		F9B2FF7829C321EC00C2042B /* SceneDelegate.swift in Sources */ = {isa = PBXBuildFile; fileRef = F9B2FF7729C321EC00C2042B /* SceneDelegate.swift */; };
		F9B2FF7A29C321EC00C2042B /* ViewController.swift in Sources */ = {isa = PBXBuildFile; fileRef = F9B2FF7929C321EC00C2042B /* ViewController.swift */; };
		F9B2FF7D29C321EC00C2042B /* Main.storyboard in Resources */ = {isa = PBXBuildFile; fileRef = F9B2FF7B29C321EC00C2042B /* Main.storyboard */; };
		F9B2FF7F29C321EC00C2042B /* Assets.xcassets in Resources */ = {isa = PBXBuildFile; fileRef = F9B2FF7E29C321EC00C2042B /* Assets.xcassets */; };
		F9B2FF8229C321EC00C2042B /* LaunchScreen.storyboard in Resources */ = {isa = PBXBuildFile; fileRef = F9B2FF8029C321EC00C2042B /* LaunchScreen.storyboard */; };
/* End PBXBuildFile section */

/* Begin PBXFileReference section */
		F9029B3D29C38862006F2B48 /* ConvertorBrain.swift */ = {isa = PBXFileReference; lastKnownFileType = sourcecode.swift; path = ConvertorBrain.swift; sourceTree = "<group>"; };
		F9029B4129C454FD006F2B48 /* button_pressed_sound.mp3 */ = {isa = PBXFileReference; lastKnownFileType = audio.mp3; path = button_pressed_sound.mp3; sourceTree = "<group>"; };
		F9B2FF7229C321EC00C2042B /* EuroConverter.app */ = {isa = PBXFileReference; explicitFileType = wrapper.application; includeInIndex = 0; path = EuroConverter.app; sourceTree = BUILT_PRODUCTS_DIR; };
		F9B2FF7529C321EC00C2042B /* AppDelegate.swift */ = {isa = PBXFileReference; lastKnownFileType = sourcecode.swift; path = AppDelegate.swift; sourceTree = "<group>"; };
		F9B2FF7729C321EC00C2042B /* SceneDelegate.swift */ = {isa = PBXFileReference; lastKnownFileType = sourcecode.swift; path = SceneDelegate.swift; sourceTree = "<group>"; };
		F9B2FF7929C321EC00C2042B /* ViewController.swift */ = {isa = PBXFileReference; lastKnownFileType = sourcecode.swift; path = ViewController.swift; sourceTree = "<group>"; };
		F9B2FF7C29C321EC00C2042B /* Base */ = {isa = PBXFileReference; lastKnownFileType = file.storyboard; name = Base; path = Base.lproj/Main.storyboard; sourceTree = "<group>"; };
		F9B2FF7E29C321EC00C2042B /* Assets.xcassets */ = {isa = PBXFileReference; lastKnownFileType = folder.assetcatalog; path = Assets.xcassets; sourceTree = "<group>"; };
		F9B2FF8129C321EC00C2042B /* Base */ = {isa = PBXFileReference; lastKnownFileType = file.storyboard; name = Base; path = Base.lproj/LaunchScreen.storyboard; sourceTree = "<group>"; };
		F9B2FF8329C321EC00C2042B /* Info.plist */ = {isa = PBXFileReference; lastKnownFileType = text.plist.xml; path = Info.plist; sourceTree = "<group>"; };
/* End PBXFileReference section */

/* Begin PBXFrameworksBuildPhase section */
		F9B2FF6F29C321EC00C2042B /* Frameworks */ = {
			isa = PBXFrameworksBuildPhase;
			buildActionMask = 2147483647;
			files = (
			);
			runOnlyForDeploymentPostprocessing = 0;
		};
/* End PBXFrameworksBuildPhase section */

/* Begin PBXGroup section */
		F9029B3829C387C7006F2B48 /* View */ = {
			isa = PBXGroup;
			children = (
				F9B2FF8029C321EC00C2042B /* LaunchScreen.storyboard */,
				F9B2FF7B29C321EC00C2042B /* Main.storyboard */,
			);
			path = View;
			sourceTree = "<group>";
		};
		F9029B3929C387DD006F2B48 /* Controllers */ = {
			isa = PBXGroup;
			children = (
				F9B2FF7929C321EC00C2042B /* ViewController.swift */,
			);
			path = Controllers;
			sourceTree = "<group>";
		};
		F9029B3A29C387EE006F2B48 /* Model */ = {
			isa = PBXGroup;
			children = (
				F9029B3D29C38862006F2B48 /* ConvertorBrain.swift */,
			);
			path = Model;
			sourceTree = "<group>";
		};
		F9029B3B29C387FA006F2B48 /* Support Files */ = {
			isa = PBXGroup;
			children = (
				F9B2FF7729C321EC00C2042B /* SceneDelegate.swift */,
				F9B2FF7529C321EC00C2042B /* AppDelegate.swift */,
			);
			path = "Support Files";
			sourceTree = "<group>";
		};
		F9029B3C29C3881F006F2B48 /* Assets */ = {
			isa = PBXGroup;
			children = (
				F9B2FF7E29C321EC00C2042B /* Assets.xcassets */,
			);
			path = Assets;
			sourceTree = "<group>";
		};
		F9B2FF6929C321EB00C2042B = {
			isa = PBXGroup;
			children = (
				F9B2FF7429C321EC00C2042B /* EuroConverter */,
				F9B2FF7329C321EC00C2042B /* Products */,
			);
			sourceTree = "<group>";
		};
		F9B2FF7329C321EC00C2042B /* Products */ = {
			isa = PBXGroup;
			children = (
				F9B2FF7229C321EC00C2042B /* EuroConverter.app */,
			);
			name = Products;
			sourceTree = "<group>";
		};
		F9B2FF7429C321EC00C2042B /* EuroConverter */ = {
			isa = PBXGroup;
			children = (
				F9029B3A29C387EE006F2B48 /* Model */,
				F9029B3829C387C7006F2B48 /* View */,
				F9029B3929C387DD006F2B48 /* Controllers */,
				F9029B3C29C3881F006F2B48 /* Assets */,
				F9029B3B29C387FA006F2B48 /* Support Files */,
				F9B2FF8329C321EC00C2042B /* Info.plist */,
				F9029B4129C454FD006F2B48 /* button_pressed_sound.mp3 */,
			);
			path = EuroConverter;
			sourceTree = "<group>";
		};
/* End PBXGroup section */

/* Begin PBXNativeTarget section */
		F9B2FF7129C321EC00C2042B /* EuroConverter */ = {
			isa = PBXNativeTarget;
			buildConfigurationList = F9B2FF8629C321EC00C2042B /* Build configuration list for PBXNativeTarget "EuroConverter" */;
			buildPhases = (
				F9B2FF6E29C321EC00C2042B /* Sources */,
				F9B2FF6F29C321EC00C2042B /* Frameworks */,
				F9B2FF7029C321EC00C2042B /* Resources */,
			);
			buildRules = (
			);
			dependencies = (
			);
			name = EuroConverter;
			productName = EuroConverter;
			productReference = F9B2FF7229C321EC00C2042B /* EuroConverter.app */;
			productType = "com.apple.product-type.application";
		};
/* End PBXNativeTarget section */

/* Begin PBXProject section */
		F9B2FF6A29C321EB00C2042B /* Project object */ = {
			isa = PBXProject;
			attributes = {
				BuildIndependentTargetsInParallel = 1;
				LastSwiftUpdateCheck = 1420;
				LastUpgradeCheck = 1420;
				TargetAttributes = {
					F9B2FF7129C321EC00C2042B = {
						CreatedOnToolsVersion = 14.2;
					};
				};
			};
			buildConfigurationList = F9B2FF6D29C321EB00C2042B /* Build configuration list for PBXProject "EuroConverter" */;
			compatibilityVersion = "Xcode 14.0";
			developmentRegion = en;
			hasScannedForEncodings = 0;
			knownRegions = (
				en,
				Base,
			);
			mainGroup = F9B2FF6929C321EB00C2042B;
			productRefGroup = F9B2FF7329C321EC00C2042B /* Products */;
			projectDirPath = "";
			projectRoot = "";
			targets = (
				F9B2FF7129C321EC00C2042B /* EuroConverter */,
			);
		};
/* End PBXProject section */

/* Begin PBXResourcesBuildPhase section */
		F9B2FF7029C321EC00C2042B /* Resources */ = {
			isa = PBXResourcesBuildPhase;
			buildActionMask = 2147483647;
			files = (
				F9B2FF8229C321EC00C2042B /* LaunchScreen.storyboard in Resources */,
				F9B2FF7F29C321EC00C2042B /* Assets.xcassets in Resources */,
				F9B2FF7D29C321EC00C2042B /* Main.storyboard in Resources */,
				F9029B4229C454FD006F2B48 /* button_pressed_sound.mp3 in Resources */,
			);
			runOnlyForDeploymentPostprocessing = 0;
		};
/* End PBXResourcesBuildPhase section */

/* Begin PBXSourcesBuildPhase section */
		F9B2FF6E29C321EC00C2042B /* Sources */ = {
			isa = PBXSourcesBuildPhase;
			buildActionMask = 2147483647;
			files = (
				F9B2FF7A29C321EC00C2042B /* ViewController.swift in Sources */,
				F9029B3E29C38862006F2B48 /* ConvertorBrain.swift in Sources */,
				F9B2FF7629C321EC00C2042B /* AppDelegate.swift in Sources */,
				F9B2FF7829C321EC00C2042B /* SceneDelegate.swift in Sources */,
			);
			runOnlyForDeploymentPostprocessing = 0;
		};
/* End PBXSourcesBuildPhase section */

/* Begin PBXVariantGroup section */
		F9B2FF7B29C321EC00C2042B /* Main.storyboard */ = {
			isa = PBXVariantGroup;
			children = (
				F9B2FF7C29C321EC00C2042B /* Base */,
			);
			name = Main.storyboard;
			sourceTree = "<group>";
		};
		F9B2FF8029C321EC00C2042B /* LaunchScreen.storyboard */ = {
			isa = PBXVariantGroup;
			children = (
				F9B2FF8129C321EC00C2042B /* Base */,
			);
			name = LaunchScreen.storyboard;
			sourceTree = "<group>";
		};
/* End PBXVariantGroup section */

/* Begin XCBuildConfiguration section */
		F9B2FF8429C321EC00C2042B /* Debug */ = {
			isa = XCBuildConfiguration;
			buildSettings = {
				ALWAYS_SEARCH_USER_PATHS = NO;
				CLANG_ANALYZER_NONNULL = YES;
				CLANG_ANALYZER_NUMBER_OBJECT_CONVERSION = YES_AGGRESSIVE;
				CLANG_CXX_LANGUAGE_STANDARD = "gnu++20";
				CLANG_ENABLE_MODULES = YES;
				CLANG_ENABLE_OBJC_ARC = YES;
				CLANG_ENABLE_OBJC_WEAK = YES;
				CLANG_WARN_BLOCK_CAPTURE_AUTORELEASING = YES;
				CLANG_WARN_BOOL_CONVERSION = YES;
				CLANG_WARN_COMMA = YES;
				CLANG_WARN_CONSTANT_CONVERSION = YES;
				CLANG_WARN_DEPRECATED_OBJC_IMPLEMENTATIONS = YES;
				CLANG_WARN_DIRECT_OBJC_ISA_USAGE = YES_ERROR;
				CLANG_WARN_DOCUMENTATION_COMMENTS = YES;
				CLANG_WARN_EMPTY_BODY = YES;
				CLANG_WARN_ENUM_CONVERSION = YES;
				CLANG_WARN_INFINITE_RECURSION = YES;
				CLANG_WARN_INT_CONVERSION = YES;
				CLANG_WARN_NON_LITERAL_NULL_CONVERSION = YES;
				CLANG_WARN_OBJC_IMPLICIT_RETAIN_SELF = YES;
				CLANG_WARN_OBJC_LITERAL_CONVERSION = YES;
				CLANG_WARN_OBJC_ROOT_CLASS = YES_ERROR;
				CLANG_WARN_QUOTED_INCLUDE_IN_FRAMEWORK_HEADER = YES;
				CLANG_WARN_RANGE_LOOP_ANALYSIS = YES;
				CLANG_WARN_STRICT_PROTOTYPES = YES;
				CLANG_WARN_SUSPICIOUS_MOVE = YES;
				CLANG_WARN_UNGUARDED_AVAILABILITY = YES_AGGRESSIVE;
				CLANG_WARN_UNREACHABLE_CODE = YES;
				CLANG_WARN__DUPLICATE_METHOD_MATCH = YES;
				COPY_PHASE_STRIP = NO;
				DEBUG_INFORMATION_FORMAT = dwarf;
				ENABLE_STRICT_OBJC_MSGSEND = YES;
				ENABLE_TESTABILITY = YES;
				GCC_C_LANGUAGE_STANDARD = gnu11;
				GCC_DYNAMIC_NO_PIC = NO;
				GCC_NO_COMMON_BLOCKS = YES;
				GCC_OPTIMIZATION_LEVEL = 0;
				GCC_PREPROCESSOR_DEFINITIONS = (
					"DEBUG=1",
					"$(inherited)",
				);
				GCC_WARN_64_TO_32_BIT_CONVERSION = YES;
				GCC_WARN_ABOUT_RETURN_TYPE = YES_ERROR;
				GCC_WARN_UNDECLARED_SELECTOR = YES;
				GCC_WARN_UNINITIALIZED_AUTOS = YES_AGGRESSIVE;
				GCC_WARN_UNUSED_FUNCTION = YES;
				GCC_WARN_UNUSED_VARIABLE = YES;
				IPHONEOS_DEPLOYMENT_TARGET = 16.2;
				MTL_ENABLE_DEBUG_INFO = INCLUDE_SOURCE;
				MTL_FAST_MATH = YES;
				ONLY_ACTIVE_ARCH = YES;
				SDKROOT = iphoneos;
				SWIFT_ACTIVE_COMPILATION_CONDITIONS = DEBUG;
				SWIFT_OPTIMIZATION_LEVEL = "-Onone";
			};
			name = Debug;
		};
		F9B2FF8529C321EC00C2042B /* Release */ = {
			isa = XCBuildConfiguration;
			buildSettings = {
				ALWAYS_SEARCH_USER_PATHS = NO;
				CLANG_ANALYZER_NONNULL = YES;
				CLANG_ANALYZER_NUMBER_OBJECT_CONVERSION = YES_AGGRESSIVE;
				CLANG_CXX_LANGUAGE_STANDARD = "gnu++20";
				CLANG_ENABLE_MODULES = YES;
				CLANG_ENABLE_OBJC_ARC = YES;
				CLANG_ENABLE_OBJC_WEAK = YES;
				CLANG_WARN_BLOCK_CAPTURE_AUTORELEASING = YES;
				CLANG_WARN_BOOL_CONVERSION = YES;
				CLANG_WARN_COMMA = YES;
				CLANG_WARN_CONSTANT_CONVERSION = YES;
				CLANG_WARN_DEPRECATED_OBJC_IMPLEMENTATIONS = YES;
				CLANG_WARN_DIRECT_OBJC_ISA_USAGE = YES_ERROR;
				CLANG_WARN_DOCUMENTATION_COMMENTS = YES;
				CLANG_WARN_EMPTY_BODY = YES;
				CLANG_WARN_ENUM_CONVERSION = YES;
				CLANG_WARN_INFINITE_RECURSION = YES;
				CLANG_WARN_INT_CONVERSION = YES;
				CLANG_WARN_NON_LITERAL_NULL_CONVERSION = YES;
				CLANG_WARN_OBJC_IMPLICIT_RETAIN_SELF = YES;
				CLANG_WARN_OBJC_LITERAL_CONVERSION = YES;
				CLANG_WARN_OBJC_ROOT_CLASS = YES_ERROR;
				CLANG_WARN_QUOTED_INCLUDE_IN_FRAMEWORK_HEADER = YES;
				CLANG_WARN_RANGE_LOOP_ANALYSIS = YES;
				CLANG_WARN_STRICT_PROTOTYPES = YES;
				CLANG_WARN_SUSPICIOUS_MOVE = YES;
				CLANG_WARN_UNGUARDED_AVAILABILITY = YES_AGGRESSIVE;
				CLANG_WARN_UNREACHABLE_CODE = YES;
				CLANG_WARN__DUPLICATE_METHOD_MATCH = YES;
				COPY_PHASE_STRIP = NO;
				DEBUG_INFORMATION_FORMAT = "dwarf-with-dsym";
				ENABLE_NS_ASSERTIONS = NO;
				ENABLE_STRICT_OBJC_MSGSEND = YES;
				GCC_C_LANGUAGE_STANDARD = gnu11;
				GCC_NO_COMMON_BLOCKS = YES;
				GCC_WARN_64_TO_32_BIT_CONVERSION = YES;
				GCC_WARN_ABOUT_RETURN_TYPE = YES_ERROR;
				GCC_WARN_UNDECLARED_SELECTOR = YES;
				GCC_WARN_UNINITIALIZED_AUTOS = YES_AGGRESSIVE;
				GCC_WARN_UNUSED_FUNCTION = YES;
				GCC_WARN_UNUSED_VARIABLE = YES;
				IPHONEOS_DEPLOYMENT_TARGET = 16.2;
				MTL_ENABLE_DEBUG_INFO = NO;
				MTL_FAST_MATH = YES;
				SDKROOT = iphoneos;
				SWIFT_COMPILATION_MODE = wholemodule;
				SWIFT_OPTIMIZATION_LEVEL = "-O";
				VALIDATE_PRODUCT = YES;
			};
			name = Release;
		};
		F9B2FF8729C321EC00C2042B /* Debug */ = {
			isa = XCBuildConfiguration;
			buildSettings = {
				ASSETCATALOG_COMPILER_APPICON_NAME = AppIcon;
				ASSETCATALOG_COMPILER_GLOBAL_ACCENT_COLOR_NAME = AccentColor;
				CODE_SIGN_STYLE = Automatic;
				CURRENT_PROJECT_VERSION = 1;
				DEVELOPMENT_TEAM = Y285T96JW7;
				GENERATE_INFOPLIST_FILE = YES;
				INFOPLIST_FILE = EuroConverter/Info.plist;
				INFOPLIST_KEY_UIApplicationSupportsIndirectInputEvents = YES;
				INFOPLIST_KEY_UILaunchStoryboardName = LaunchScreen;
				INFOPLIST_KEY_UIMainStoryboardFile = Main;
				INFOPLIST_KEY_UISupportedInterfaceOrientations_iPad = "UIInterfaceOrientationPortrait UIInterfaceOrientationPortraitUpsideDown UIInterfaceOrientationLandscapeLeft UIInterfaceOrientationLandscapeRight";
				INFOPLIST_KEY_UISupportedInterfaceOrientations_iPhone = "UIInterfaceOrientationPortrait UIInterfaceOrientationLandscapeLeft UIInterfaceOrientationLandscapeRight";
				LD_RUNPATH_SEARCH_PATHS = (
					"$(inherited)",
					"@executable_path/Frameworks",
				);
				MARKETING_VERSION = 1.0;
				PRODUCT_BUNDLE_IDENTIFIER = com.mariesmarco.EuroConverter;
				PRODUCT_NAME = "$(TARGET_NAME)";
				SWIFT_EMIT_LOC_STRINGS = YES;
				SWIFT_VERSION = 5.0;
				TARGETED_DEVICE_FAMILY = "1,2";
			};
			name = Debug;
		};
		F9B2FF8829C321EC00C2042B /* Release */ = {
			isa = XCBuildConfiguration;
			buildSettings = {
				ASSETCATALOG_COMPILER_APPICON_NAME = AppIcon;
				ASSETCATALOG_COMPILER_GLOBAL_ACCENT_COLOR_NAME = AccentColor;
				CODE_SIGN_STYLE = Automatic;
				CURRENT_PROJECT_VERSION = 1;
				DEVELOPMENT_TEAM = Y285T96JW7;
				GENERATE_INFOPLIST_FILE = YES;
				INFOPLIST_FILE = EuroConverter/Info.plist;
				INFOPLIST_KEY_UIApplicationSupportsIndirectInputEvents = YES;
				INFOPLIST_KEY_UILaunchStoryboardName = LaunchScreen;
				INFOPLIST_KEY_UIMainStoryboardFile = Main;
				INFOPLIST_KEY_UISupportedInterfaceOrientations_iPad = "UIInterfaceOrientationPortrait UIInterfaceOrientationPortraitUpsideDown UIInterfaceOrientationLandscapeLeft UIInterfaceOrientationLandscapeRight";
				INFOPLIST_KEY_UISupportedInterfaceOrientations_iPhone = "UIInterfaceOrientationPortrait UIInterfaceOrientationLandscapeLeft UIInterfaceOrientationLandscapeRight";
				LD_RUNPATH_SEARCH_PATHS = (
					"$(inherited)",
					"@executable_path/Frameworks",
				);
				MARKETING_VERSION = 1.0;
				PRODUCT_BUNDLE_IDENTIFIER = com.mariesmarco.EuroConverter;
				PRODUCT_NAME = "$(TARGET_NAME)";
				SWIFT_EMIT_LOC_STRINGS = YES;
				SWIFT_VERSION = 5.0;
				TARGETED_DEVICE_FAMILY = "1,2";
			};
			name = Release;
		};
/* End XCBuildConfiguration section */

/* Begin XCConfigurationList section */
		F9B2FF6D29C321EB00C2042B /* Build configuration list for PBXProject "EuroConverter" */ = {
			isa = XCConfigurationList;
			buildConfigurations = (
				F9B2FF8429C321EC00C2042B /* Debug */,
				F9B2FF8529C321EC00C2042B /* Release */,
			);
			defaultConfigurationIsVisible = 0;
			defaultConfigurationName = Release;
		};
		F9B2FF8629C321EC00C2042B /* Build configuration list for PBXNativeTarget "EuroConverter" */ = {
			isa = XCConfigurationList;
			buildConfigurations = (
				F9B2FF8729C321EC00C2042B /* Debug */,
				F9B2FF8829C321EC00C2042B /* Release */,
			);
			defaultConfigurationIsVisible = 0;
			defaultConfigurationName = Release;
		};
/* End XCConfigurationList section */
	};
	rootObject = F9B2FF6A29C321EB00C2042B /* Project object */;
}
